
Microsoft Visual Studio Solution File, Format Version 12.00
# Visual Studio Version 16
VisualStudioVersion = 16.0.32802.440
MinimumVisualStudioVersion = 10.0.40219.1
Project("{FAE04EC0-301F-11D3-BF4B-00C04F79EFBC}") = "WindowsFormsApp1", "WindowsFormsApp1.csproj", "{213AD63D-6EF8-4D6C-96FA-BE4DC6040411}"
EndProject
Global
	GlobalSection(SolutionConfigurationPlatforms) = preSolution
		Debug|Any CPU = Debug|Any CPU
		Release|Any CPU = Release|Any CPU
	EndGlobalSection
	GlobalSection(ProjectConfigurationPlatforms) = postSolution
		{213AD63D-6EF8-4D6C-96FA-BE4DC6040411}.Debug|Any CPU.ActiveCfg = Debug|Any CPU
		{213AD63D-6EF8-4D6C-96FA-BE4DC6040411}.Debug|Any CPU.Build.0 = Debug|Any CPU
		{213AD63D-6EF8-4D6C-96FA-BE4DC6040411}.Release|Any CPU.ActiveCfg = Release|Any CPU
		{213AD63D-6EF8-4D6C-96FA-BE4DC6040411}.Release|Any CPU.Build.0 = Release|Any CPU
	EndGlobalSection
	GlobalSection(SolutionProperties) = preSolution
		HideSolutionNode = FALSE
	EndGlobalSection
	GlobalSection(ExtensibilityGlobals) = postSolution
		SolutionGuid = {4D1FEDDF-847C-447D-BC76-EC363CCF4782}
	EndGlobalSection
EndGlobal
